# THIS IS AN AUTOGENERATED FILE. DO NOT EDIT THIS FILE DIRECTLY.
# yarn lockfile v1


"@fimbul/bifrost@^0.15.0":
  version "0.15.0"
  resolved "https://registry.yarnpkg.com/@fimbul/bifrost/-/bifrost-0.15.0.tgz#f3a48dee3046681e926c1f970f0b1a67e29e088e"
  integrity sha512-sHTwnwA9YhxcVEJkBlfKH1KLmGQGnNYPxk+09w5NnkXelYiiP8a5f351weYfxG0CUPLt1Fgkha20Y/9+jhjn/Q==
  dependencies:
    "@fimbul/ymir" "^0.15.0"
    get-caller-file "^2.0.0"
    tslib "^1.8.1"
    tsutils "^3.1.0"

"@fimbul/ymir@^0.15.0":
  version "0.15.0"
  resolved "https://registry.yarnpkg.com/@fimbul/ymir/-/ymir-0.15.0.tgz#944c881b14fadf7b43d1ae00b445e42261bb407f"
  integrity sha512-Ow0TfxxQ65vIktHcZyXHeDsGKuzJ9Vt6y77R/aOrXQXLMdYHG+XdbiUWzQbtaGOmNzYVkQfINiFnIdvn5Bn24g==
  dependencies:
    inversify "^5.0.0"
    reflect-metadata "^0.1.12"
    tslib "^1.8.1"

app-root-path@^2.1.0:
  version "2.1.0"
  resolved "https://registry.yarnpkg.com/app-root-path/-/app-root-path-2.1.0.tgz#98bf6599327ecea199309866e8140368fd2e646a"
  integrity sha1-mL9lmTJ+zqGZMJhm6BQDaP0uZGo=

codelyzer@^4.5.0:
  version "4.5.0"
  resolved "https://registry.yarnpkg.com/codelyzer/-/codelyzer-4.5.0.tgz#a65ddeeeca2894653253a89bfa229118ff9f59b1"
  integrity sha512-oO6vCkjqsVrEsmh58oNlnJkRXuA30hF8cdNAQV9DytEalDwyOFRvHMnlKFzmOStNerOmPGZU9GAHnBo4tGvtiQ==
  dependencies:
    app-root-path "^2.1.0"
    css-selector-tokenizer "^0.7.0"
    cssauron "^1.4.0"
    semver-dsl "^1.0.1"
    source-map "^0.5.7"
    sprintf-js "^1.1.1"

css-selector-tokenizer@^0.7.0:
  version "0.7.0"
  resolved "https://registry.yarnpkg.com/css-selector-tokenizer/-/css-selector-tokenizer-0.7.0.tgz#e6988474ae8c953477bf5e7efecfceccd9cf4c86"
  dependencies:
    cssesc "^0.1.0"
    fastparse "^1.1.1"
    regexpu-core "^1.0.0"

cssauron@^1.4.0:
  version "1.4.0"
  resolved "https://registry.yarnpkg.com/cssauron/-/cssauron-1.4.0.tgz#a6602dff7e04a8306dc0db9a551e92e8b5662ad8"
  dependencies:
    through X.X.X

cssesc@^0.1.0:
  version "0.1.0"
  resolved "https://registry.yarnpkg.com/cssesc/-/cssesc-0.1.0.tgz#c814903e45623371a0477b40109aaafbeeaddbb4"

doctrine@0.7.2:
  version "0.7.2"
  resolved "https://registry.yarnpkg.com/doctrine/-/doctrine-0.7.2.tgz#7cb860359ba3be90e040b26b729ce4bfa654c523"
  integrity sha1-fLhgNZujvpDgQLJrcpzkv6ZUxSM=
  dependencies:
    esutils "^1.1.6"
    isarray "0.0.1"

esutils@^1.1.6:
  version "1.1.6"
  resolved "https://registry.yarnpkg.com/esutils/-/esutils-1.1.6.tgz#c01ccaa9ae4b897c6d0c3e210ae52f3c7a844375"
  integrity sha1-wBzKqa5LiXxtDD4hCuUvPHqEQ3U=

fastparse@^1.1.1:
  version "1.1.1"
  resolved "https://registry.yarnpkg.com/fastparse/-/fastparse-1.1.1.tgz#d1e2643b38a94d7583b479060e6c4affc94071f8"

get-caller-file@^2.0.0:
  version "2.0.1"
  resolved "https://registry.yarnpkg.com/get-caller-file/-/get-caller-file-2.0.1.tgz#25835260d3a2b9665fcdbb08cb039a7bbf7011c0"
  integrity sha512-SpOZHfz845AH0wJYVuZk2jWDqFmu7Xubsx+ldIpwzy5pDUpu7OJHK7QYNSA2NPlDSKQwM1GFaAkciOWjjW92Sg==

immutable@^3.8.2:
  version "3.8.2"
  resolved "https://registry.yarnpkg.com/immutable/-/immutable-3.8.2.tgz#c2439951455bb39913daf281376f1530e104adf3"
  integrity sha1-wkOZUUVbs5kT2vKBN28VMOEErfM=

inversify@^5.0.0:
  version "5.0.1"
  resolved "https://registry.yarnpkg.com/inversify/-/inversify-5.0.1.tgz#500d709b1434896ce5a0d58915c4a4210e34fb6e"
  integrity sha512-Ieh06s48WnEYGcqHepdsJUIJUXpwH5o5vodAX+DK2JA/gjy4EbEcQZxw+uFfzysmKjiLXGYwNG3qDZsKVMcINQ==

isarray@0.0.1:
  version "0.0.1"
  resolved "https://registry.yarnpkg.com/isarray/-/isarray-0.0.1.tgz#8a18acfca9a8f4177e09abfc6038939b05d1eedf"
  integrity sha1-ihis/Kmo9Bd+Cav8YDiTmwXR7t8=

jsesc@~0.5.0:
  version "0.5.0"
  resolved "https://registry.yarnpkg.com/jsesc/-/jsesc-0.5.0.tgz#e7dee66e35d6fc16f710fe91d5cf69f70f08911d"

reflect-metadata@^0.1.12:
  version "0.1.12"
  resolved "https://registry.yarnpkg.com/reflect-metadata/-/reflect-metadata-0.1.12.tgz#311bf0c6b63cd782f228a81abe146a2bfa9c56f2"
  integrity sha512-n+IyV+nGz3+0q3/Yf1ra12KpCyi001bi4XFxSjbiWWjfqb52iTTtpGXmCCAOWWIAn9KEuFZKGqBERHmrtScZ3A==

regenerate@^1.2.1:
  version "1.3.3"
  resolved "https://registry.yarnpkg.com/regenerate/-/regenerate-1.3.3.tgz#0c336d3980553d755c39b586ae3b20aa49c82b7f"

regexpu-core@^1.0.0:
  version "1.0.0"
  resolved "https://registry.yarnpkg.com/regexpu-core/-/regexpu-core-1.0.0.tgz#86a763f58ee4d7c2f6b102e4764050de7ed90c6b"
  dependencies:
    regenerate "^1.2.1"
    regjsgen "^0.2.0"
    regjsparser "^0.1.4"

regjsgen@^0.2.0:
  version "0.2.0"
  resolved "https://registry.yarnpkg.com/regjsgen/-/regjsgen-0.2.0.tgz#6c016adeac554f75823fe37ac05b92d5a4edb1f7"

regjsparser@^0.1.4:
  version "0.1.5"
  resolved "https://registry.yarnpkg.com/regjsparser/-/regjsparser-0.1.5.tgz#7ee8f84dc6fa792d3fd0ae228d24bd949ead205c"
  dependencies:
    jsesc "~0.5.0"

semver-dsl@^1.0.1:
  version "1.0.1"
  resolved "https://registry.yarnpkg.com/semver-dsl/-/semver-dsl-1.0.1.tgz#d3678de5555e8a61f629eed025366ae5f27340a0"
  dependencies:
    semver "^5.3.0"

semver@^5.3.0:
  version "5.5.0"
  resolved "https://registry.yarnpkg.com/semver/-/semver-5.5.0.tgz#dc4bbc7a6ca9d916dee5d43516f0092b58f7b8ab"

source-map@^0.5.7:
  version "0.5.7"
  resolved "https://registry.yarnpkg.com/source-map/-/source-map-0.5.7.tgz#8a039d2d1021d22d1ea14c80d8ea468ba2ef3fcc"
  integrity sha1-igOdLRAh0i0eoUyA2OpGi6LvP8w=

sprintf-js@^1.1.1:
  version "1.1.2"
  resolved "https://registry.yarnpkg.com/sprintf-js/-/sprintf-js-1.1.2.tgz#da1765262bf8c0f571749f2ad6c26300207ae673"
  integrity sha512-VE0SOVEHCk7Qc8ulkWw3ntAzXuqf7S2lvwQaDLRnUeIEaKNQJzV6BwmLKhOqT61aGhfUMrXeaBk+oDGCzvhcug==

through@X.X.X:
  version "2.3.8"
  resolved "https://registry.yarnpkg.com/through/-/through-2.3.8.tgz#0dd4c9ffaabc357960b1b724115d7e0e86a2e1f5"

ts-config-mobiquity-core@^4.0.1:
  version "4.0.1"
  resolved "https://registry.yarnpkg.com/ts-config-mobiquity-core/-/ts-config-mobiquity-core-4.0.1.tgz#e29c77f0bf4b5a3e91209343fab0cfa122dcbf7d"
  integrity sha512-6s8bs0whSP+mIU6vcpFd+c4YaTXlR5apDUjGy3+NDuNETAFNTTu/AcTQLVOKgKhnhqLu9s8GRzNuZI5J69ayLg==
  dependencies:
    tslint-config-airbnb "^5.11.0"
    tslint-sonarts "^1.8.0"

tslib@1.9.0:
  version "1.9.0"
  resolved "https://registry.yarnpkg.com/tslib/-/tslib-1.9.0.tgz#e37a86fda8cbbaf23a057f473c9f4dc64e5fc2e8"
  integrity sha512-f/qGG2tUkrISBlQZEjEqoZ3B2+npJjIf04H1wuAv9iA8i04Icp+61KRXxFdha22670NJopsZCIjhC3SnjPRKrQ==

tslib@^1.7.1, tslib@^1.8.1:
  version "1.9.3"
  resolved "https://registry.yarnpkg.com/tslib/-/tslib-1.9.3.tgz#d7e4dd79245d85428c4d7e4822a79917954ca286"
  integrity sha512-4krF8scpejhaOgqzBEcGM7yDIEfi0/8+8zDRZhNZZ2kjmHJ4hv3zCbQWxoJGz1iw5U0Jl0nma13xzHXcncMavQ==

tslint-config-airbnb@^5.11.0:
  version "5.11.1"
  resolved "https://registry.yarnpkg.com/tslint-config-airbnb/-/tslint-config-airbnb-5.11.1.tgz#51a27fbb8bf24c144d064a274a71da47e7ece617"
  integrity sha512-hkaittm2607vVMe8eotANGN1CimD5tor7uoY3ypg2VTtEcDB/KGWYbJOz58t8LI4cWSyWtgqYQ5F0HwKxxhlkQ==
  dependencies:
    tslint-consistent-codestyle "^1.14.1"
    tslint-eslint-rules "^5.4.0"
    tslint-microsoft-contrib "~5.2.1"

tslint-consistent-codestyle@^1.14.1:
  version "1.14.1"
  resolved "https://registry.yarnpkg.com/tslint-consistent-codestyle/-/tslint-consistent-codestyle-1.14.1.tgz#8555f1b05ccbf093166a73347f41eb101731a522"
  integrity sha512-UxGRX2fF5LpZtqYpuPFaIva+2D7ASX3pTVw41yis6Hmw7PPA3cBnFEX1jqRsnyxGrca6mHxz7xDnwCHtOjWJMQ==
  dependencies:
    "@fimbul/bifrost" "^0.15.0"
    tslib "^1.7.1"
    tsutils "^2.29.0"

tslint-eslint-rules@^5.4.0:
  version "5.4.0"
  resolved "https://registry.yarnpkg.com/tslint-eslint-rules/-/tslint-eslint-rules-5.4.0.tgz#e488cc9181bf193fe5cd7bfca213a7695f1737b5"
  integrity sha512-WlSXE+J2vY/VPgIcqQuijMQiel+UtmXS+4nvK4ZzlDiqBfXse8FAvkNnTcYhnQyOTW5KFM+uRRGXxYhFpuBc6w==
  dependencies:
    doctrine "0.7.2"
    tslib "1.9.0"
    tsutils "^3.0.0"

tslint-microsoft-contrib@~5.2.1:
  version "5.2.1"
  resolved "https://registry.yarnpkg.com/tslint-microsoft-contrib/-/tslint-microsoft-contrib-5.2.1.tgz#a6286839f800e2591d041ea2800c77487844ad81"
  integrity sha512-PDYjvpo0gN9IfMULwKk0KpVOPMhU6cNoT9VwCOLeDl/QS8v8W2yspRpFFuUS7/c5EIH/n8ApMi8TxJAz1tfFUA==
  dependencies:
    tsutils "^2.27.2 <2.29.0"

tslint-sonarts@^1.8.0:
  version "1.8.0"
  resolved "https://registry.yarnpkg.com/tslint-sonarts/-/tslint-sonarts-1.8.0.tgz#80f2e8addd418c3b8807fc0155dec33b5a81e8d1"
  integrity sha512-tpijO5VR18e+Ny99uMNNov3Hw7diiYQ8KoJkezpHGw9hSFFrO5g2PhwdQQo7O9puhJKMIutLl9g+ICMgg+bh0w==
  dependencies:
    immutable "^3.8.2"

"tsutils@^2.27.2 <2.29.0":
  version "2.28.0"
  resolved "https://registry.yarnpkg.com/tsutils/-/tsutils-2.28.0.tgz#6bd71e160828f9d019b6f4e844742228f85169a1"
  integrity sha512-bh5nAtW0tuhvOJnx1GLRn5ScraRLICGyJV5wJhtRWOLsxW70Kk5tZtpK3O/hW6LDnqKS9mlUMPZj9fEMJ0gxqA==
  dependencies:
    tslib "^1.8.1"

tsutils@^2.29.0:
  version "2.29.0"
  resolved "https://registry.yarnpkg.com/tsutils/-/tsutils-2.29.0.tgz#32b488501467acbedd4b85498673a0812aca0b99"
  integrity sha512-g5JVHCIJwzfISaXpXE1qvNalca5Jwob6FjI4AoPlqMusJ6ftFE7IkkFoMhVLRgK+4Kx3gkzb8UZK5t5yTTvEmA==
  dependencies:
    tslib "^1.8.1"

tsutils@^3.0.0, tsutils@^3.1.0:
  version "3.5.2"
  resolved "https://registry.yarnpkg.com/tsutils/-/tsutils-3.5.2.tgz#6fd3c2d5a731e83bb21b070a173ec0faf3a8f6d3"
  integrity sha512-qIlklNuI/1Dzfm+G+kJV5gg3gimZIX5haYtIVQe7qGyKd7eu8T1t1DY6pz4Sc2CGXAj9s1izycctm9Zfl9sRuQ==
  dependencies:
    tslib "^1.8.1"
