# THIS IS AN AUTOGENERATED FILE. DO NOT EDIT THIS FILE DIRECTLY.
# yarn lockfile v1


doctrine@^0.7.2:
  version "0.7.2"
  resolved "https://registry.yarnpkg.com/doctrine/-/doctrine-0.7.2.tgz#7cb860359ba3be90e040b26b729ce4bfa654c523"
  dependencies:
    esutils "^1.1.6"
    isarray "0.0.1"

esutils@^1.1.6:
  version "1.1.6"
  resolved "https://registry.yarnpkg.com/esutils/-/esutils-1.1.6.tgz#c01ccaa9ae4b897c6d0c3e210ae52f3c7a844375"

isarray@0.0.1:
  version "0.0.1"
  resolved "https://registry.yarnpkg.com/isarray/-/isarray-0.0.1.tgz#8a18acfca9a8f4177e09abfc6038939b05d1eedf"

tslib@^1.0.0, tslib@^1.7.1, tslib@^1.8.1:
  version "1.9.0"
  resolved "https://registry.yarnpkg.com/tslib/-/tslib-1.9.0.tgz#e37a86fda8cbbaf23a057f473c9f4dc64e5fc2e8"

tslint-config-airbnb@^5.6.0:
  version "5.6.0"
  resolved "https://registry.yarnpkg.com/tslint-config-airbnb/-/tslint-config-airbnb-5.6.0.tgz#12254d1187f16ad321cc532bc9f9485108c5414b"
  dependencies:
    tslint-consistent-codestyle "^1.10.0"
    tslint-eslint-rules "^4.1.1"
    tslint-microsoft-contrib "~5.0.1"

tslint-consistent-codestyle@^1.10.0:
  version "1.11.1"
  resolved "https://registry.yarnpkg.com/tslint-consistent-codestyle/-/tslint-consistent-codestyle-1.11.1.tgz#fa39ff5f5f8a25c537bd1e1f50de6190a2f4d70d"
  dependencies:
    tslib "^1.7.1"
    tsutils "^2.21.0"

tslint-eslint-rules@^4.1.1:
  version "4.1.1"
  resolved "https://registry.yarnpkg.com/tslint-eslint-rules/-/tslint-eslint-rules-4.1.1.tgz#7c30e7882f26bc276bff91d2384975c69daf88ba"
  dependencies:
    doctrine "^0.7.2"
    tslib "^1.0.0"
    tsutils "^1.4.0"

tslint-microsoft-contrib@~5.0.1:
  version "5.0.2"
  resolved "https://registry.yarnpkg.com/tslint-microsoft-contrib/-/tslint-microsoft-contrib-5.0.2.tgz#ecc2a797f777a12f0066944cec0c81a9e7c59ee9"
  dependencies:
    tsutils "^2.12.1"

tsutils@^1.4.0:
  version "1.9.1"
  resolved "https://registry.yarnpkg.com/tsutils/-/tsutils-1.9.1.tgz#b9f9ab44e55af9681831d5f28d0aeeaf5c750cb0"

tsutils@^2.12.1, tsutils@^2.21.0:
  version "2.21.0"
  resolved "https://registry.yarnpkg.com/tsutils/-/tsutils-2.21.0.tgz#43466a2283a0abce64e2209bc732ad72f8a04fab"
  dependencies:
    tslib "^1.8.1"
